
Microsoft Visual Studio Solution File, Format Version 12.00
# Visual Studio Version 17
VisualStudioVersion = 17.11.35327.3
MinimumVisualStudioVersion = 10.0.40219.1
Project("{FAE04EC0-301F-11D3-BF4B-00C04F79EFBC}") = "Agrotech", "Agrotech\Agrotech.csproj", "{4DF76770-CDDF-487E-A89C-48564088A0F8}"
EndProject
Global
	GlobalSection(SolutionConfigurationPlatforms) = preSolution
		Debug|Any CPU = Debug|Any CPU
		Release|Any CPU = Release|Any CPU
	EndGlobalSection
	GlobalSection(ProjectConfigurationPlatforms) = postSolution
		{4DF76770-CDDF-487E-A89C-48564088A0F8}.Debug|Any CPU.ActiveCfg = Debug|Any CPU
		{4DF76770-CDDF-487E-A89C-48564088A0F8}.Debug|Any CPU.Build.0 = Debug|Any CPU
		{4DF76770-CDDF-487E-A89C-48564088A0F8}.Debug|Any CPU.Deploy.0 = Debug|Any CPU
		{4DF76770-CDDF-487E-A89C-48564088A0F8}.Release|Any CPU.ActiveCfg = Release|Any CPU
		{4DF76770-CDDF-487E-A89C-48564088A0F8}.Release|Any CPU.Build.0 = Release|Any CPU
		{4DF76770-CDDF-487E-A89C-48564088A0F8}.Release|Any CPU.Deploy.0 = Release|Any CPU
	EndGlobalSection
	GlobalSection(SolutionProperties) = preSolution
		HideSolutionNode = FALSE
	EndGlobalSection
	GlobalSection(ExtensibilityGlobals) = postSolution
		SolutionGuid = {6481DC07-863F-4FBD-B6BD-E4E5E7076051}
	EndGlobalSection
EndGlobal
